// !$*UTF8*$!
{
	archiveVersion = 1;
	classes = {
	};
	objectVersion = 46;
	objects = {

/* Begin PBXAggregateTarget section */
		7746F632EC764DB0BFB163E6 /* RUN_TESTS */ = {
			isa = PBXAggregateTarget;
			buildConfigurationList = B34833B2018C4B0FA9BCD8FF /* Build configuration list for PBXAggregateTarget "RUN_TESTS" */;
			buildPhases = (
				4354D06B457242738C229E61 /* CMake PostBuild Rules */,
			);
			dependencies = (
			);
			name = RUN_TESTS;
			productName = RUN_TESTS;
		};
		9F7E49AD9CD64F6E859A36FA /* install */ = {
			isa = PBXAggregateTarget;
			buildConfigurationList = 8A389436611A49AA97F72E26 /* Build configuration list for PBXAggregateTarget "install" */;
			buildPhases = (
				D52FF602ABC54A70A1815CFE /* CMake PostBuild Rules */,
			);
			dependencies = (
				BF781F7D57614FB99725A930 /* PBXTargetDependency */,
			);
			name = install;
			productName = install;
		};
		C248E8BBAF014EE7B5845012 /* ZERO_CHECK */ = {
			isa = PBXAggregateTarget;
			buildConfigurationList = 969DA05D28B6439BAAAF7925 /* Build configuration list for PBXAggregateTarget "ZERO_CHECK" */;
			buildPhases = (
				3F457388FFD84556A5FCA2C6 /* CMake Rules */,
			);
			dependencies = (
			);
			name = ZERO_CHECK;
			productName = ZERO_CHECK;
		};
		E945B71DAFBD45588F46137B /* ALL_BUILD */ = {
			isa = PBXAggregateTarget;
			buildConfigurationList = FFF20B1444124CD59904911E /* Build configuration list for PBXAggregateTarget "ALL_BUILD" */;
			buildPhases = (
				4F71673C26B440B1800B2F54 /* CMake Rules */,
			);
			dependencies = (
				90DD501F82FC499E83DD5CD6 /* PBXTargetDependency */,
			);
			name = ALL_BUILD;
			productName = ALL_BUILD;
		};
/* End PBXAggregateTarget section */

/* Begin PBXBuildStyle section */
		E9ACD1C34DF7460493C8B316 /* Release */ = {
			isa = PBXBuildStyle;
			buildSettings = {
				COPY_PHASE_STRIP = NO;
			};
			name = Release;
		};
/* End PBXBuildStyle section */

/* Begin PBXContainerItemProxy section */
		4686AF99EACB4FE98B105F88 /* PBXContainerItemProxy */ = {
			isa = PBXContainerItemProxy;
			containerPortal = C4835EB47A4B4B6595D5EE71 /* Project object */;
			proxyType = 1;
			remoteGlobalIDString = E945B71DAFBD45588F46137B;
			remoteInfo = ALL_BUILD;
		};
		710D992004AE4619803809E4 /* PBXContainerItemProxy */ = {
			isa = PBXContainerItemProxy;
			containerPortal = C4835EB47A4B4B6595D5EE71 /* Project object */;
			proxyType = 1;
			remoteGlobalIDString = C248E8BBAF014EE7B5845012;
			remoteInfo = ZERO_CHECK;
		};
/* End PBXContainerItemProxy section */

/* Begin PBXFileReference section */
		CCE5DE00A8DD428582A87119 /* /Users/mrq/Desktop/works/dcmtk/dcmtk-3.6.4/doxygen/CMakeLists.txt */ = {isa = PBXFileReference; explicitFileType = sourcecode.text; fileEncoding = 4; name = CMakeLists.txt; path = CMakeLists.txt; sourceTree = SOURCE_ROOT; };
/* End PBXFileReference section */

/* Begin PBXGroup section */
		51E864C403B942B28DFE619D /* Products */ = {
			isa = PBXGroup;
			children = (
			);
			name = Products;
			sourceTree = "<group>";
		};
		5E18EED4E0044B67A4A8676E /* CMake Rules */ = {
			isa = PBXGroup;
			children = (
			);
			name = "CMake Rules";
			sourceTree = "<group>";
		};
		633A874E7BB04FB5BC77D0BE /* ALL_BUILD */ = {
			isa = PBXGroup;
			children = (
				5E18EED4E0044B67A4A8676E /* CMake Rules */,
				CCE5DE00A8DD428582A87119 /* /Users/mrq/Desktop/works/dcmtk/dcmtk-3.6.4/doxygen/CMakeLists.txt */,
			);
			name = ALL_BUILD;
			sourceTree = "<group>";
		};
		986EE958FCB54B88B2EB7B6F = {
			isa = PBXGroup;
			children = (
				633A874E7BB04FB5BC77D0BE /* ALL_BUILD */,
				51E864C403B942B28DFE619D /* Products */,
			);
			sourceTree = "<group>";
		};
/* End PBXGroup section */

/* Begin PBXProject section */
		C4835EB47A4B4B6595D5EE71 /* Project object */ = {
			isa = PBXProject;
			attributes = {
				BuildIndependentTargetsInParallel = YES;
				LastUpgradeCheck = 1020;
			};
			buildConfigurationList = B1B7FE841F284147B96AE208 /* Build configuration list for PBXProject "doxygen" */;
			buildSettings = {
			};
			buildStyles = (
				E9ACD1C34DF7460493C8B316 /* Release */,
			);
			compatibilityVersion = "Xcode 3.2";
			hasScannedForEncodings = 0;
			mainGroup = 986EE958FCB54B88B2EB7B6F;
			projectDirPath = ../../doxygen;
			projectRoot = "";
			targets = (
				E945B71DAFBD45588F46137B /* ALL_BUILD */,
				7746F632EC764DB0BFB163E6 /* RUN_TESTS */,
				C248E8BBAF014EE7B5845012 /* ZERO_CHECK */,
				9F7E49AD9CD64F6E859A36FA /* install */,
			);
		};
/* End PBXProject section */

/* Begin PBXShellScriptBuildPhase section */
		16A45E7D0E9841F2A565243A = {
			isa = PBXShellScriptBuildPhase;
			buildActionMask = 2147483647;
			files = (
			);
			inputPaths = (
			);
			outputPaths = (
			);
			runOnlyForDeploymentPostprocessing = 0;
			shellPath = /bin/sh;
			shellScript = "# shell script goes here
exit 0";
			showEnvVarsInLog = 0;
		};
		3F457388FFD84556A5FCA2C6 /* CMake Rules */ = {
			isa = PBXShellScriptBuildPhase;
			buildActionMask = 2147483647;
			files = (
			);
			name = "CMake Rules";
			runOnlyForDeploymentPostprocessing = 0;
			shellPath = /bin/sh;
			shellScript = "make -C /Users/mrq/Desktop/works/dcmtk/dcmtk-3.6.4/xcode/doxygen -f /Users/mrq/Desktop/works/dcmtk/dcmtk-3.6.4/xcode/doxygen/CMakeScripts/ZERO_CHECK_cmakeRulesBuildPhase.make$CONFIGURATION OBJDIR=$(basename \"$OBJECT_FILE_DIR_normal\") all";
			showEnvVarsInLog = 0;
		};
		4354D06B457242738C229E61 /* CMake PostBuild Rules */ = {
			isa = PBXShellScriptBuildPhase;
			buildActionMask = 2147483647;
			files = (
			);
			name = "CMake PostBuild Rules";
			runOnlyForDeploymentPostprocessing = 0;
			shellPath = /bin/sh;
			shellScript = "make -C /Users/mrq/Desktop/works/dcmtk/dcmtk-3.6.4/xcode/doxygen -f /Users/mrq/Desktop/works/dcmtk/dcmtk-3.6.4/xcode/doxygen/CMakeScripts/RUN_TESTS_postBuildPhase.make$CONFIGURATION OBJDIR=$(basename \"$OBJECT_FILE_DIR_normal\") all";
			showEnvVarsInLog = 0;
		};
		4F71673C26B440B1800B2F54 /* CMake Rules */ = {
			isa = PBXShellScriptBuildPhase;
			buildActionMask = 2147483647;
			files = (
			);
			name = "CMake Rules";
			runOnlyForDeploymentPostprocessing = 0;
			shellPath = /bin/sh;
			shellScript = "make -C /Users/mrq/Desktop/works/dcmtk/dcmtk-3.6.4/xcode/doxygen -f /Users/mrq/Desktop/works/dcmtk/dcmtk-3.6.4/xcode/doxygen/CMakeScripts/ALL_BUILD_cmakeRulesBuildPhase.make$CONFIGURATION OBJDIR=$(basename \"$OBJECT_FILE_DIR_normal\") all";
			showEnvVarsInLog = 0;
		};
		663E50EBFFE34BD1B99D1960 = {
			isa = PBXShellScriptBuildPhase;
			buildActionMask = 2147483647;
			files = (
			);
			inputPaths = (
			);
			outputPaths = (
			);
			runOnlyForDeploymentPostprocessing = 0;
			shellPath = /bin/sh;
			shellScript = "# shell script goes here
exit 0";
			showEnvVarsInLog = 0;
		};
		D03F34F1B77B44FDB605E12E = {
			isa = PBXShellScriptBuildPhase;
			buildActionMask = 2147483647;
			files = (
			);
			inputPaths = (
			);
			outputPaths = (
			);
			runOnlyForDeploymentPostprocessing = 0;
			shellPath = /bin/sh;
			shellScript = "# shell script goes here
exit 0";
			showEnvVarsInLog = 0;
		};
		D52FF602ABC54A70A1815CFE /* CMake PostBuild Rules */ = {
			isa = PBXShellScriptBuildPhase;
			buildActionMask = 2147483647;
			files = (
			);
			name = "CMake PostBuild Rules";
			runOnlyForDeploymentPostprocessing = 0;
			shellPath = /bin/sh;
			shellScript = "make -C /Users/mrq/Desktop/works/dcmtk/dcmtk-3.6.4/xcode/doxygen -f /Users/mrq/Desktop/works/dcmtk/dcmtk-3.6.4/xcode/doxygen/CMakeScripts/install_postBuildPhase.make$CONFIGURATION OBJDIR=$(basename \"$OBJECT_FILE_DIR_normal\") all";
			showEnvVarsInLog = 0;
		};
		E885D44E319A4F1D82776FED = {
			isa = PBXShellScriptBuildPhase;
			buildActionMask = 2147483647;
			files = (
			);
			inputPaths = (
			);
			outputPaths = (
			);
			runOnlyForDeploymentPostprocessing = 0;
			shellPath = /bin/sh;
			shellScript = "# shell script goes here
exit 0";
			showEnvVarsInLog = 0;
		};
/* End PBXShellScriptBuildPhase section */

/* Begin PBXTargetDependency section */
		90DD501F82FC499E83DD5CD6 /* PBXTargetDependency */ = {
			isa = PBXTargetDependency;
			target = C248E8BBAF014EE7B5845012 /* ZERO_CHECK */;
			targetProxy = 710D992004AE4619803809E4 /* PBXContainerItemProxy */;
		};
		BF781F7D57614FB99725A930 /* PBXTargetDependency */ = {
			isa = PBXTargetDependency;
			target = E945B71DAFBD45588F46137B /* ALL_BUILD */;
			targetProxy = 4686AF99EACB4FE98B105F88 /* PBXContainerItemProxy */;
		};
/* End PBXTargetDependency section */

/* Begin XCBuildConfiguration section */
		01B3B99BB8CA4E2EA5E5A2C2 /* Release */ = {
			isa = XCBuildConfiguration;
			buildSettings = {
				COMBINE_HIDPI_IMAGES = YES;
				GCC_GENERATE_DEBUGGING_SYMBOLS = YES;
				GCC_INLINES_ARE_PRIVATE_EXTERN = NO;
				GCC_OPTIMIZATION_LEVEL = 0;
				GCC_PREPROCESSOR_DEFINITIONS = ("'CMAKE_INTDIR=\"$(CONFIGURATION)$(EFFECTIVE_PLATFORM_NAME)\"'");
				GCC_SYMBOLS_PRIVATE_EXTERN = NO;
				INSTALL_PATH = "";
				OTHER_LDFLAGS = " ";
				OTHER_REZFLAGS = "";
				PRODUCT_NAME = ALL_BUILD;
				SECTORDER_FLAGS = "";
				SYMROOT = "/Users/mrq/Desktop/works/dcmtk/dcmtk-3.6.4/xcode/doxygen";
				USE_HEADERMAP = NO;
				WARNING_CFLAGS = ("-Wmost","-Wno-four-char-constants","-Wno-unknown-pragmas","$(inherited)");
			};
			name = Release;
		};
		1A923913D5A54FF4A4BC77AD /* Release */ = {
			isa = XCBuildConfiguration;
			buildSettings = {
				COMBINE_HIDPI_IMAGES = YES;
				GCC_GENERATE_DEBUGGING_SYMBOLS = YES;
				GCC_INLINES_ARE_PRIVATE_EXTERN = NO;
				GCC_OPTIMIZATION_LEVEL = 0;
				GCC_PREPROCESSOR_DEFINITIONS = ("'CMAKE_INTDIR=\"$(CONFIGURATION)$(EFFECTIVE_PLATFORM_NAME)\"'");
				GCC_SYMBOLS_PRIVATE_EXTERN = NO;
				INSTALL_PATH = "";
				OTHER_LDFLAGS = " ";
				OTHER_REZFLAGS = "";
				PRODUCT_NAME = install;
				SECTORDER_FLAGS = "";
				SYMROOT = "/Users/mrq/Desktop/works/dcmtk/dcmtk-3.6.4/xcode/doxygen";
				USE_HEADERMAP = NO;
				WARNING_CFLAGS = ("-Wmost","-Wno-four-char-constants","-Wno-unknown-pragmas","$(inherited)");
			};
			name = Release;
		};
		6A696E1ECEB14DAB8BA957D5 /* Release */ = {
			isa = XCBuildConfiguration;
			buildSettings = {
				COMBINE_HIDPI_IMAGES = YES;
				GCC_GENERATE_DEBUGGING_SYMBOLS = YES;
				GCC_INLINES_ARE_PRIVATE_EXTERN = NO;
				GCC_OPTIMIZATION_LEVEL = 0;
				GCC_PREPROCESSOR_DEFINITIONS = ("'CMAKE_INTDIR=\"$(CONFIGURATION)$(EFFECTIVE_PLATFORM_NAME)\"'");
				GCC_SYMBOLS_PRIVATE_EXTERN = NO;
				INSTALL_PATH = "";
				OTHER_LDFLAGS = " ";
				OTHER_REZFLAGS = "";
				PRODUCT_NAME = ZERO_CHECK;
				SECTORDER_FLAGS = "";
				SYMROOT = "/Users/mrq/Desktop/works/dcmtk/dcmtk-3.6.4/xcode/doxygen";
				USE_HEADERMAP = NO;
				WARNING_CFLAGS = ("-Wmost","-Wno-four-char-constants","-Wno-unknown-pragmas","$(inherited)");
			};
			name = Release;
		};
		D2C0B3A0F4C146449A2BEF60 /* Release */ = {
			isa = XCBuildConfiguration;
			buildSettings = {
				COMBINE_HIDPI_IMAGES = YES;
				GCC_GENERATE_DEBUGGING_SYMBOLS = YES;
				GCC_INLINES_ARE_PRIVATE_EXTERN = NO;
				GCC_OPTIMIZATION_LEVEL = 0;
				GCC_PREPROCESSOR_DEFINITIONS = ("'CMAKE_INTDIR=\"$(CONFIGURATION)$(EFFECTIVE_PLATFORM_NAME)\"'");
				GCC_SYMBOLS_PRIVATE_EXTERN = NO;
				INSTALL_PATH = "";
				OTHER_LDFLAGS = " ";
				OTHER_REZFLAGS = "";
				PRODUCT_NAME = RUN_TESTS;
				SECTORDER_FLAGS = "";
				SYMROOT = "/Users/mrq/Desktop/works/dcmtk/dcmtk-3.6.4/xcode/doxygen";
				USE_HEADERMAP = NO;
				WARNING_CFLAGS = ("-Wmost","-Wno-four-char-constants","-Wno-unknown-pragmas","$(inherited)");
			};
			name = Release;
		};
		F1CB497DE378456BBF6DD7F6 /* Release */ = {
			isa = XCBuildConfiguration;
			buildSettings = {
				ONLY_ACTIVE_ARCH = YES;
				SDKROOT = /Applications/Xcode.app/Contents/Developer/Platforms/MacOSX.platform/Developer/SDKs/MacOSX10.14.sdk;
				SYMROOT = "/Users/mrq/Desktop/works/dcmtk/dcmtk-3.6.4/xcode/doxygen/build";
			};
			name = Release;
		};
/* End XCBuildConfiguration section */

/* Begin XCConfigurationList section */
		8A389436611A49AA97F72E26 /* Build configuration list for PBXAggregateTarget "install" */ = {
			isa = XCConfigurationList;
			buildConfigurations = (
				1A923913D5A54FF4A4BC77AD /* Release */,
			);
			defaultConfigurationIsVisible = 0;
			defaultConfigurationName = Release;
		};
		969DA05D28B6439BAAAF7925 /* Build configuration list for PBXAggregateTarget "ZERO_CHECK" */ = {
			isa = XCConfigurationList;
			buildConfigurations = (
				6A696E1ECEB14DAB8BA957D5 /* Release */,
			);
			defaultConfigurationIsVisible = 0;
			defaultConfigurationName = Release;
		};
		B1B7FE841F284147B96AE208 /* Build configuration list for PBXProject "doxygen" */ = {
			isa = XCConfigurationList;
			buildConfigurations = (
				F1CB497DE378456BBF6DD7F6 /* Release */,
			);
			defaultConfigurationIsVisible = 0;
			defaultConfigurationName = Release;
		};
		B34833B2018C4B0FA9BCD8FF /* Build configuration list for PBXAggregateTarget "RUN_TESTS" */ = {
			isa = XCConfigurationList;
			buildConfigurations = (
				D2C0B3A0F4C146449A2BEF60 /* Release */,
			);
			defaultConfigurationIsVisible = 0;
			defaultConfigurationName = Release;
		};
		FFF20B1444124CD59904911E /* Build configuration list for PBXAggregateTarget "ALL_BUILD" */ = {
			isa = XCConfigurationList;
			buildConfigurations = (
				01B3B99BB8CA4E2EA5E5A2C2 /* Release */,
			);
			defaultConfigurationIsVisible = 0;
			defaultConfigurationName = Release;
		};
/* End XCConfigurationList section */
	};
	rootObject = C4835EB47A4B4B6595D5EE71 /* Project object */;
}
